{
  "name": "dependencygoat2",
  "version": "1.0.0",
  "lockfileVersion": 2,
  "requires": true,
  "packages": {
    "": {
      "name": "dependencygoat2",
      "version": "1.0.0",
      "license": "ISC",
      "dependencies": {
        "minimist": "^0.2.4"
      }
    },
    "node_modules/minimist": {
      "version": "0.2.4",
      "resolved": "https://registry.npmjs.org/minimist/-/minimist-0.2.4.tgz",
      "integrity": "sha512-Pkrrm8NjyQ8yVt8Am9M+yUt74zE3iokhzbG1bFVNjLB92vwM71hf40RkEsryg98BujhVOncKm/C1xROxZ030LQ==",
      "funding": {
        "url": "https://github.com/sponsors/ljharb"
      }
    }
  },
  "dependencies": {
    "minimist": {
      "version": "0.2.4",
      "resolved": "https://registry.npmjs.org/minimist/-/minimist-0.2.4.tgz",
      "integrity": "sha512-Pkrrm8NjyQ8yVt8Am9M+yUt74zE3iokhzbG1bFVNjLB92vwM71hf40RkEsryg98BujhVOncKm/C1xROxZ030LQ=="
    }
  }
}
